
Microsoft Visual Studio Solution File, Format Version 11.00
# Visual Studio 2010
Project("{FAE04EC0-301F-11D3-BF4B-00C04F79EFBC}") = "XMLTVGrabber", "XMLTVGrabber\XMLTVGrabber.csproj", "{B80489BE-CB39-4DA6-B186-218931E6D894}"
EndProject
Project("{FAE04EC0-301F-11D3-BF4B-00C04F79EFBC}") = "XMLTVGrabberWin", "XMLTVGrabberWin\XMLTVGrabberWin.csproj", "{6FC60EC9-B3DC-4044-96BD-015611C29524}"
EndProject
Project("{54435603-DBB4-11D2-8724-00A0C9A8B90C}") = "XMLTVGrabberSetup", "XMLTVGrabberSetup\XMLTVGrabberSetup.vdproj", "{479C4CA1-2391-4C00-B410-6E980EA9664F}"
EndProject
Global
	GlobalSection(SolutionConfigurationPlatforms) = preSolution
		Debug|Any CPU = Debug|Any CPU
		Debug|Mixed Platforms = Debug|Mixed Platforms
		Debug|x86 = Debug|x86
		Release|Any CPU = Release|Any CPU
		Release|Mixed Platforms = Release|Mixed Platforms
		Release|x86 = Release|x86
	EndGlobalSection
	GlobalSection(ProjectConfigurationPlatforms) = postSolution
		{B80489BE-CB39-4DA6-B186-218931E6D894}.Debug|Any CPU.ActiveCfg = Debug|Any CPU
		{B80489BE-CB39-4DA6-B186-218931E6D894}.Debug|Any CPU.Build.0 = Debug|Any CPU
		{B80489BE-CB39-4DA6-B186-218931E6D894}.Debug|Mixed Platforms.ActiveCfg = Debug|Any CPU
		{B80489BE-CB39-4DA6-B186-218931E6D894}.Debug|Mixed Platforms.Build.0 = Debug|Any CPU
		{B80489BE-CB39-4DA6-B186-218931E6D894}.Debug|x86.ActiveCfg = Debug|Any CPU
		{B80489BE-CB39-4DA6-B186-218931E6D894}.Release|Any CPU.ActiveCfg = Release|Any CPU
		{B80489BE-CB39-4DA6-B186-218931E6D894}.Release|Any CPU.Build.0 = Release|Any CPU
		{B80489BE-CB39-4DA6-B186-218931E6D894}.Release|Mixed Platforms.ActiveCfg = Release|Any CPU
		{B80489BE-CB39-4DA6-B186-218931E6D894}.Release|Mixed Platforms.Build.0 = Release|Any CPU
		{B80489BE-CB39-4DA6-B186-218931E6D894}.Release|x86.ActiveCfg = Release|Any CPU
		{6FC60EC9-B3DC-4044-96BD-015611C29524}.Debug|Any CPU.ActiveCfg = Debug|x86
		{6FC60EC9-B3DC-4044-96BD-015611C29524}.Debug|Mixed Platforms.ActiveCfg = Debug|x86
		{6FC60EC9-B3DC-4044-96BD-015611C29524}.Debug|Mixed Platforms.Build.0 = Debug|x86
		{6FC60EC9-B3DC-4044-96BD-015611C29524}.Debug|x86.ActiveCfg = Debug|x86
		{6FC60EC9-B3DC-4044-96BD-015611C29524}.Debug|x86.Build.0 = Debug|x86
		{6FC60EC9-B3DC-4044-96BD-015611C29524}.Release|Any CPU.ActiveCfg = Release|x86
		{6FC60EC9-B3DC-4044-96BD-015611C29524}.Release|Mixed Platforms.ActiveCfg = Release|x86
		{6FC60EC9-B3DC-4044-96BD-015611C29524}.Release|Mixed Platforms.Build.0 = Release|x86
		{6FC60EC9-B3DC-4044-96BD-015611C29524}.Release|x86.ActiveCfg = Release|x86
		{6FC60EC9-B3DC-4044-96BD-015611C29524}.Release|x86.Build.0 = Release|x86
		{479C4CA1-2391-4C00-B410-6E980EA9664F}.Debug|Any CPU.ActiveCfg = Debug
		{479C4CA1-2391-4C00-B410-6E980EA9664F}.Debug|Mixed Platforms.ActiveCfg = Debug
		{479C4CA1-2391-4C00-B410-6E980EA9664F}.Debug|x86.ActiveCfg = Debug
		{479C4CA1-2391-4C00-B410-6E980EA9664F}.Release|Any CPU.ActiveCfg = Release
		{479C4CA1-2391-4C00-B410-6E980EA9664F}.Release|Mixed Platforms.ActiveCfg = Release
		{479C4CA1-2391-4C00-B410-6E980EA9664F}.Release|x86.ActiveCfg = Release
	EndGlobalSection
	GlobalSection(SolutionProperties) = preSolution
		HideSolutionNode = FALSE
	EndGlobalSection
EndGlobal
